
Microsoft Visual Studio Solution File, Format Version 12.00
# Visual Studio Version 17
VisualStudioVersion = 17.9.34728.123
MinimumVisualStudioVersion = 10.0.40219.1
Project("{FAE04EC0-301F-11D3-BF4B-00C04F79EFBC}") = "layoutc", "layoutc\layoutc.csproj", "{F614D5F6-10D2-44C1-882E-A8B42494CCB3}"
EndProject
Global
	GlobalSection(SolutionConfigurationPlatforms) = preSolution
		Debug|Any CPU = Debug|Any CPU
		Release|Any CPU = Release|Any CPU
	EndGlobalSection
	GlobalSection(ProjectConfigurationPlatforms) = postSolution
		{F614D5F6-10D2-44C1-882E-A8B42494CCB3}.Debug|Any CPU.ActiveCfg = Debug|Any CPU
		{F614D5F6-10D2-44C1-882E-A8B42494CCB3}.Debug|Any CPU.Build.0 = Debug|Any CPU
		{F614D5F6-10D2-44C1-882E-A8B42494CCB3}.Release|Any CPU.ActiveCfg = Release|Any CPU
		{F614D5F6-10D2-44C1-882E-A8B42494CCB3}.Release|Any CPU.Build.0 = Release|Any CPU
	EndGlobalSection
	GlobalSection(SolutionProperties) = preSolution
		HideSolutionNode = FALSE
	EndGlobalSection
	GlobalSection(ExtensibilityGlobals) = postSolution
		SolutionGuid = {02555FC8-F901-4179-974E-55A96177DC23}
	EndGlobalSection
EndGlobal
